// !$*UTF8*$!
{
	archiveVersion = 1;
	classes = {
	};
	objectVersion = 55;
	objects = {

/* Begin PBXBuildFile section */
		642F0595D614D42AF73BEC6D /* libPods-EarlGrey2Experiment.a in Frameworks */ = {isa = PBXBuildFile; fileRef = 6636CFCA7EC94AC8D90463B7 /* libPods-EarlGrey2Experiment.a */; };
		A4C0A70E0A14AC28D9E537B0 /* libPods-EarlGrey2ExperimentUITests.a in Frameworks */ = {isa = PBXBuildFile; fileRef = B60BA0464702FECD35C6356F /* libPods-EarlGrey2ExperimentUITests.a */; };
		BCD1F8882785C0CA005104FE /* AppDelegate.swift in Sources */ = {isa = PBXBuildFile; fileRef = BCD1F8872785C0CA005104FE /* AppDelegate.swift */; };
		BCD1F88A2785C0CA005104FE /* SceneDelegate.swift in Sources */ = {isa = PBXBuildFile; fileRef = BCD1F8892785C0CA005104FE /* SceneDelegate.swift */; };
		BCD1F88C2785C0CA005104FE /* ViewController.swift in Sources */ = {isa = PBXBuildFile; fileRef = BCD1F88B2785C0CA005104FE /* ViewController.swift */; };
		BCD1F88F2785C0CA005104FE /* Main.storyboard in Resources */ = {isa = PBXBuildFile; fileRef = BCD1F88D2785C0CA005104FE /* Main.storyboard */; };
		BCD1F8912785C0CE005104FE /* Assets.xcassets in Resources */ = {isa = PBXBuildFile; fileRef = BCD1F8902785C0CE005104FE /* Assets.xcassets */; };
		BCD1F8942785C0CE005104FE /* LaunchScreen.storyboard in Resources */ = {isa = PBXBuildFile; fileRef = BCD1F8922785C0CE005104FE /* LaunchScreen.storyboard */; };
		BCD1F89F2785C0CE005104FE /* EarlGrey2ExperimentTests.swift in Sources */ = {isa = PBXBuildFile; fileRef = BCD1F89E2785C0CE005104FE /* EarlGrey2ExperimentTests.swift */; };
		BCD1F8A92785C0CE005104FE /* EarlGrey2ExperimentUITests.swift in Sources */ = {isa = PBXBuildFile; fileRef = BCD1F8A82785C0CE005104FE /* EarlGrey2ExperimentUITests.swift */; };
/* End PBXBuildFile section */

/* Begin PBXContainerItemProxy section */
		BCD1F89B2785C0CE005104FE /* PBXContainerItemProxy */ = {
			isa = PBXContainerItemProxy;
			containerPortal = BCD1F87C2785C0CA005104FE /* Project object */;
			proxyType = 1;
			remoteGlobalIDString = BCD1F8832785C0CA005104FE;
			remoteInfo = EarlGrey2Experiment;
		};
		BCD1F8A52785C0CE005104FE /* PBXContainerItemProxy */ = {
			isa = PBXContainerItemProxy;
			containerPortal = BCD1F87C2785C0CA005104FE /* Project object */;
			proxyType = 1;
			remoteGlobalIDString = BCD1F8832785C0CA005104FE;
			remoteInfo = EarlGrey2Experiment;
		};
/* End PBXContainerItemProxy section */

/* Begin PBXFileReference section */
		6636CFCA7EC94AC8D90463B7 /* libPods-EarlGrey2Experiment.a */ = {isa = PBXFileReference; explicitFileType = archive.ar; includeInIndex = 0; path = "libPods-EarlGrey2Experiment.a"; sourceTree = BUILT_PRODUCTS_DIR; };
		715B5E1A7D5D3B8AACBBBEF8 /* Pods-EarlGrey2ExperimentUITests.release.xcconfig */ = {isa = PBXFileReference; includeInIndex = 1; lastKnownFileType = text.xcconfig; name = "Pods-EarlGrey2ExperimentUITests.release.xcconfig"; path = "Target Support Files/Pods-EarlGrey2ExperimentUITests/Pods-EarlGrey2ExperimentUITests.release.xcconfig"; sourceTree = "<group>"; };
		B60BA0464702FECD35C6356F /* libPods-EarlGrey2ExperimentUITests.a */ = {isa = PBXFileReference; explicitFileType = archive.ar; includeInIndex = 0; path = "libPods-EarlGrey2ExperimentUITests.a"; sourceTree = BUILT_PRODUCTS_DIR; };
		BCD1F8842785C0CA005104FE /* EarlGrey2Experiment.app */ = {isa = PBXFileReference; explicitFileType = wrapper.application; includeInIndex = 0; path = EarlGrey2Experiment.app; sourceTree = BUILT_PRODUCTS_DIR; };
		BCD1F8872785C0CA005104FE /* AppDelegate.swift */ = {isa = PBXFileReference; lastKnownFileType = sourcecode.swift; path = AppDelegate.swift; sourceTree = "<group>"; };
		BCD1F8892785C0CA005104FE /* SceneDelegate.swift */ = {isa = PBXFileReference; lastKnownFileType = sourcecode.swift; path = SceneDelegate.swift; sourceTree = "<group>"; };
		BCD1F88B2785C0CA005104FE /* ViewController.swift */ = {isa = PBXFileReference; lastKnownFileType = sourcecode.swift; path = ViewController.swift; sourceTree = "<group>"; };
		BCD1F88E2785C0CA005104FE /* Base */ = {isa = PBXFileReference; lastKnownFileType = file.storyboard; name = Base; path = Base.lproj/Main.storyboard; sourceTree = "<group>"; };
		BCD1F8902785C0CE005104FE /* Assets.xcassets */ = {isa = PBXFileReference; lastKnownFileType = folder.assetcatalog; path = Assets.xcassets; sourceTree = "<group>"; };
		BCD1F8932785C0CE005104FE /* Base */ = {isa = PBXFileReference; lastKnownFileType = file.storyboard; name = Base; path = Base.lproj/LaunchScreen.storyboard; sourceTree = "<group>"; };
		BCD1F8952785C0CE005104FE /* Info.plist */ = {isa = PBXFileReference; lastKnownFileType = text.plist.xml; path = Info.plist; sourceTree = "<group>"; };
		BCD1F89A2785C0CE005104FE /* EarlGrey2ExperimentTests.xctest */ = {isa = PBXFileReference; explicitFileType = wrapper.cfbundle; includeInIndex = 0; path = EarlGrey2ExperimentTests.xctest; sourceTree = BUILT_PRODUCTS_DIR; };
		BCD1F89E2785C0CE005104FE /* EarlGrey2ExperimentTests.swift */ = {isa = PBXFileReference; lastKnownFileType = sourcecode.swift; path = EarlGrey2ExperimentTests.swift; sourceTree = "<group>"; };
		BCD1F8A42785C0CE005104FE /* EarlGrey2ExperimentUITests.xctest */ = {isa = PBXFileReference; explicitFileType = wrapper.cfbundle; includeInIndex = 0; path = EarlGrey2ExperimentUITests.xctest; sourceTree = BUILT_PRODUCTS_DIR; };
		BCD1F8A82785C0CE005104FE /* EarlGrey2ExperimentUITests.swift */ = {isa = PBXFileReference; lastKnownFileType = sourcecode.swift; path = EarlGrey2ExperimentUITests.swift; sourceTree = "<group>"; };
		C5306B596E5F178A3E67DB2C /* Pods-EarlGrey2ExperimentUITests.debug.xcconfig */ = {isa = PBXFileReference; includeInIndex = 1; lastKnownFileType = text.xcconfig; name = "Pods-EarlGrey2ExperimentUITests.debug.xcconfig"; path = "Target Support Files/Pods-EarlGrey2ExperimentUITests/Pods-EarlGrey2ExperimentUITests.debug.xcconfig"; sourceTree = "<group>"; };
		D679D47E91DD8237AEDC7AB4 /* Pods-EarlGrey2Experiment.debug.xcconfig */ = {isa = PBXFileReference; includeInIndex = 1; lastKnownFileType = text.xcconfig; name = "Pods-EarlGrey2Experiment.debug.xcconfig"; path = "Target Support Files/Pods-EarlGrey2Experiment/Pods-EarlGrey2Experiment.debug.xcconfig"; sourceTree = "<group>"; };
		FA7D3992CFFA1F07C613C793 /* Pods-EarlGrey2Experiment.release.xcconfig */ = {isa = PBXFileReference; includeInIndex = 1; lastKnownFileType = text.xcconfig; name = "Pods-EarlGrey2Experiment.release.xcconfig"; path = "Target Support Files/Pods-EarlGrey2Experiment/Pods-EarlGrey2Experiment.release.xcconfig"; sourceTree = "<group>"; };
/* End PBXFileReference section */

/* Begin PBXFrameworksBuildPhase section */
		BCD1F8812785C0CA005104FE /* Frameworks */ = {
			isa = PBXFrameworksBuildPhase;
			buildActionMask = 2147483647;
			files = (
				642F0595D614D42AF73BEC6D /* libPods-EarlGrey2Experiment.a in Frameworks */,
			);
			runOnlyForDeploymentPostprocessing = 0;
		};
		BCD1F8972785C0CE005104FE /* Frameworks */ = {
			isa = PBXFrameworksBuildPhase;
			buildActionMask = 2147483647;
			files = (
			);
			runOnlyForDeploymentPostprocessing = 0;
		};
		BCD1F8A12785C0CE005104FE /* Frameworks */ = {
			isa = PBXFrameworksBuildPhase;
			buildActionMask = 2147483647;
			files = (
				A4C0A70E0A14AC28D9E537B0 /* libPods-EarlGrey2ExperimentUITests.a in Frameworks */,
			);
			runOnlyForDeploymentPostprocessing = 0;
		};
/* End PBXFrameworksBuildPhase section */

/* Begin PBXGroup section */
		7F017A8139B1FD2EE6FDEBC6 /* Frameworks */ = {
			isa = PBXGroup;
			children = (
				6636CFCA7EC94AC8D90463B7 /* libPods-EarlGrey2Experiment.a */,
				B60BA0464702FECD35C6356F /* libPods-EarlGrey2ExperimentUITests.a */,
			);
			name = Frameworks;
			sourceTree = "<group>";
		};
		A49F3BD65B278B95682F9819 /* Pods */ = {
			isa = PBXGroup;
			children = (
				D679D47E91DD8237AEDC7AB4 /* Pods-EarlGrey2Experiment.debug.xcconfig */,
				FA7D3992CFFA1F07C613C793 /* Pods-EarlGrey2Experiment.release.xcconfig */,
				C5306B596E5F178A3E67DB2C /* Pods-EarlGrey2ExperimentUITests.debug.xcconfig */,
				715B5E1A7D5D3B8AACBBBEF8 /* Pods-EarlGrey2ExperimentUITests.release.xcconfig */,
			);
			name = Pods;
			path = ../Pods;
			sourceTree = "<group>";
		};
		BCD1F87B2785C0CA005104FE = {
			isa = PBXGroup;
			children = (
				BCD1F8862785C0CA005104FE /* EarlGrey2Experiment */,
				BCD1F89D2785C0CE005104FE /* EarlGrey2ExperimentTests */,
				BCD1F8A72785C0CE005104FE /* EarlGrey2ExperimentUITests */,
				BCD1F8852785C0CA005104FE /* Products */,
				A49F3BD65B278B95682F9819 /* Pods */,
				7F017A8139B1FD2EE6FDEBC6 /* Frameworks */,
			);
			sourceTree = "<group>";
		};
		BCD1F8852785C0CA005104FE /* Products */ = {
			isa = PBXGroup;
			children = (
				BCD1F8842785C0CA005104FE /* EarlGrey2Experiment.app */,
				BCD1F89A2785C0CE005104FE /* EarlGrey2ExperimentTests.xctest */,
				BCD1F8A42785C0CE005104FE /* EarlGrey2ExperimentUITests.xctest */,
			);
			name = Products;
			sourceTree = "<group>";
		};
		BCD1F8862785C0CA005104FE /* EarlGrey2Experiment */ = {
			isa = PBXGroup;
			children = (
				BCD1F8872785C0CA005104FE /* AppDelegate.swift */,
				BCD1F8902785C0CE005104FE /* Assets.xcassets */,
				BCD1F8952785C0CE005104FE /* Info.plist */,
				BCD1F8922785C0CE005104FE /* LaunchScreen.storyboard */,
				BCD1F88D2785C0CA005104FE /* Main.storyboard */,
				BCD1F8892785C0CA005104FE /* SceneDelegate.swift */,
				BCD1F88B2785C0CA005104FE /* ViewController.swift */,
			);
			path = EarlGrey2Experiment;
			sourceTree = "<group>";
		};
		BCD1F89D2785C0CE005104FE /* EarlGrey2ExperimentTests */ = {
			isa = PBXGroup;
			children = (
				BCD1F89E2785C0CE005104FE /* EarlGrey2ExperimentTests.swift */,
			);
			path = EarlGrey2ExperimentTests;
			sourceTree = "<group>";
		};
		BCD1F8A72785C0CE005104FE /* EarlGrey2ExperimentUITests */ = {
			isa = PBXGroup;
			children = (
				BCD1F8A82785C0CE005104FE /* EarlGrey2ExperimentUITests.swift */,
			);
			path = EarlGrey2ExperimentUITests;
			sourceTree = "<group>";
		};
/* End PBXGroup section */

/* Begin PBXNativeTarget section */
		BCD1F8832785C0CA005104FE /* EarlGrey2Experiment */ = {
			isa = PBXNativeTarget;
			buildConfigurationList = BCD1F8AE2785C0CE005104FE /* Build configuration list for PBXNativeTarget "EarlGrey2Experiment" */;
			buildPhases = (
				7C2009AB330BB5F55E29BD65 /* [CP] Check Pods Manifest.lock */,
				BCD1F8802785C0CA005104FE /* Sources */,
				BCD1F8812785C0CA005104FE /* Frameworks */,
				BCD1F8822785C0CA005104FE /* Resources */,
				A6609557AD89CD10AF404F19 /* [CP] Embed Pods Frameworks */,
			);
			buildRules = (
			);
			dependencies = (
			);
			name = EarlGrey2Experiment;
			productName = EarlGrey2Experiment;
			productReference = BCD1F8842785C0CA005104FE /* EarlGrey2Experiment.app */;
			productType = "com.apple.product-type.application";
		};
		BCD1F8992785C0CE005104FE /* EarlGrey2ExperimentTests */ = {
			isa = PBXNativeTarget;
			buildConfigurationList = BCD1F8B12785C0CE005104FE /* Build configuration list for PBXNativeTarget "EarlGrey2ExperimentTests" */;
			buildPhases = (
				BCD1F8962785C0CE005104FE /* Sources */,
				BCD1F8972785C0CE005104FE /* Frameworks */,
				BCD1F8982785C0CE005104FE /* Resources */,
			);
			buildRules = (
			);
			dependencies = (
				BCD1F89C2785C0CE005104FE /* PBXTargetDependency */,
			);
			name = EarlGrey2ExperimentTests;
			productName = EarlGrey2ExperimentTests;
			productReference = BCD1F89A2785C0CE005104FE /* EarlGrey2ExperimentTests.xctest */;
			productType = "com.apple.product-type.bundle.unit-test";
		};
		BCD1F8A32785C0CE005104FE /* EarlGrey2ExperimentUITests */ = {
			isa = PBXNativeTarget;
			buildConfigurationList = BCD1F8B42785C0CE005104FE /* Build configuration list for PBXNativeTarget "EarlGrey2ExperimentUITests" */;
			buildPhases = (
				B093A80ED79F0C99C3E8F32A /* [CP] Check Pods Manifest.lock */,
				BCD1F8A02785C0CE005104FE /* Sources */,
				BCD1F8A12785C0CE005104FE /* Frameworks */,
				BCD1F8A22785C0CE005104FE /* Resources */,
			);
			buildRules = (
			);
			dependencies = (
				BCD1F8A62785C0CE005104FE /* PBXTargetDependency */,
			);
			name = EarlGrey2ExperimentUITests;
			productName = EarlGrey2ExperimentUITests;
			productReference = BCD1F8A42785C0CE005104FE /* EarlGrey2ExperimentUITests.xctest */;
			productType = "com.apple.product-type.bundle.ui-testing";
		};
/* End PBXNativeTarget section */

/* Begin PBXProject section */
		BCD1F87C2785C0CA005104FE /* Project object */ = {
			isa = PBXProject;
			attributes = {
				BuildIndependentTargetsInParallel = 1;
				LastSwiftUpdateCheck = 1310;
				LastUpgradeCheck = 1310;
				TargetAttributes = {
					BCD1F8832785C0CA005104FE = {
						CreatedOnToolsVersion = 13.1;
					};
					BCD1F8992785C0CE005104FE = {
						CreatedOnToolsVersion = 13.1;
						TestTargetID = BCD1F8832785C0CA005104FE;
					};
					BCD1F8A32785C0CE005104FE = {
						CreatedOnToolsVersion = 13.1;
						TestTargetID = BCD1F8832785C0CA005104FE;
					};
				};
			};
			buildConfigurationList = BCD1F87F2785C0CA005104FE /* Build configuration list for PBXProject "EarlGrey2Experiment" */;
			compatibilityVersion = "Xcode 13.0";
			developmentRegion = en;
			hasScannedForEncodings = 0;
			knownRegions = (
				en,
				Base,
			);
			mainGroup = BCD1F87B2785C0CA005104FE;
			productRefGroup = BCD1F8852785C0CA005104FE /* Products */;
			projectDirPath = "";
			projectRoot = "";
			targets = (
				BCD1F8832785C0CA005104FE /* EarlGrey2Experiment */,
				BCD1F8992785C0CE005104FE /* EarlGrey2ExperimentTests */,
				BCD1F8A32785C0CE005104FE /* EarlGrey2ExperimentUITests */,
			);
		};
/* End PBXProject section */

/* Begin PBXResourcesBuildPhase section */
		BCD1F8822785C0CA005104FE /* Resources */ = {
			isa = PBXResourcesBuildPhase;
			buildActionMask = 2147483647;
			files = (
				BCD1F8942785C0CE005104FE /* LaunchScreen.storyboard in Resources */,
				BCD1F8912785C0CE005104FE /* Assets.xcassets in Resources */,
				BCD1F88F2785C0CA005104FE /* Main.storyboard in Resources */,
			);
			runOnlyForDeploymentPostprocessing = 0;
		};
		BCD1F8982785C0CE005104FE /* Resources */ = {
			isa = PBXResourcesBuildPhase;
			buildActionMask = 2147483647;
			files = (
			);
			runOnlyForDeploymentPostprocessing = 0;
		};
		BCD1F8A22785C0CE005104FE /* Resources */ = {
			isa = PBXResourcesBuildPhase;
			buildActionMask = 2147483647;
			files = (
			);
			runOnlyForDeploymentPostprocessing = 0;
		};
/* End PBXResourcesBuildPhase section */

/* Begin PBXShellScriptBuildPhase section */
		7C2009AB330BB5F55E29BD65 /* [CP] Check Pods Manifest.lock */ = {
			isa = PBXShellScriptBuildPhase;
			buildActionMask = 2147483647;
			files = (
			);
			inputFileListPaths = (
			);
			inputPaths = (
				"${PODS_PODFILE_DIR_PATH}/Podfile.lock",
				"${PODS_ROOT}/Manifest.lock",
			);
			name = "[CP] Check Pods Manifest.lock";
			outputFileListPaths = (
			);
			outputPaths = (
				"$(DERIVED_FILE_DIR)/Pods-EarlGrey2Experiment-checkManifestLockResult.txt",
			);
			runOnlyForDeploymentPostprocessing = 0;
			shellPath = /bin/sh;
			shellScript = "diff \"${PODS_PODFILE_DIR_PATH}/Podfile.lock\" \"${PODS_ROOT}/Manifest.lock\" > /dev/null\nif [ $? != 0 ] ; then\n    # print error to STDERR\n    echo \"error: The sandbox is not in sync with the Podfile.lock. Run 'pod install' or update your CocoaPods installation.\" >&2\n    exit 1\nfi\n# This output is used by Xcode 'outputs' to avoid re-running this script phase.\necho \"SUCCESS\" > \"${SCRIPT_OUTPUT_FILE_0}\"\n";
			showEnvVarsInLog = 0;
		};
		A6609557AD89CD10AF404F19 /* [CP] Embed Pods Frameworks */ = {
			isa = PBXShellScriptBuildPhase;
			buildActionMask = 2147483647;
			files = (
			);
			inputFileListPaths = (
				"${PODS_ROOT}/Target Support Files/Pods-EarlGrey2Experiment/Pods-EarlGrey2Experiment-frameworks-${CONFIGURATION}-input-files.xcfilelist",
			);
			name = "[CP] Embed Pods Frameworks";
			outputFileListPaths = (
				"${PODS_ROOT}/Target Support Files/Pods-EarlGrey2Experiment/Pods-EarlGrey2Experiment-frameworks-${CONFIGURATION}-output-files.xcfilelist",
			);
			runOnlyForDeploymentPostprocessing = 0;
			shellPath = /bin/sh;
			shellScript = "\"${PODS_ROOT}/Target Support Files/Pods-EarlGrey2Experiment/Pods-EarlGrey2Experiment-frameworks.sh\"\n";
			showEnvVarsInLog = 0;
		};
		B093A80ED79F0C99C3E8F32A /* [CP] Check Pods Manifest.lock */ = {
			isa = PBXShellScriptBuildPhase;
			buildActionMask = 2147483647;
			files = (
			);
			inputFileListPaths = (
			);
			inputPaths = (
				"${PODS_PODFILE_DIR_PATH}/Podfile.lock",
				"${PODS_ROOT}/Manifest.lock",
			);
			name = "[CP] Check Pods Manifest.lock";
			outputFileListPaths = (
			);
			outputPaths = (
				"$(DERIVED_FILE_DIR)/Pods-EarlGrey2ExperimentUITests-checkManifestLockResult.txt",
			);
			runOnlyForDeploymentPostprocessing = 0;
			shellPath = /bin/sh;
			shellScript = "diff \"${PODS_PODFILE_DIR_PATH}/Podfile.lock\" \"${PODS_ROOT}/Manifest.lock\" > /dev/null\nif [ $? != 0 ] ; then\n    # print error to STDERR\n    echo \"error: The sandbox is not in sync with the Podfile.lock. Run 'pod install' or update your CocoaPods installation.\" >&2\n    exit 1\nfi\n# This output is used by Xcode 'outputs' to avoid re-running this script phase.\necho \"SUCCESS\" > \"${SCRIPT_OUTPUT_FILE_0}\"\n";
			showEnvVarsInLog = 0;
		};
/* End PBXShellScriptBuildPhase section */

/* Begin PBXSourcesBuildPhase section */
		BCD1F8802785C0CA005104FE /* Sources */ = {
			isa = PBXSourcesBuildPhase;
			buildActionMask = 2147483647;
			files = (
				BCD1F88C2785C0CA005104FE /* ViewController.swift in Sources */,
				BCD1F8882785C0CA005104FE /* AppDelegate.swift in Sources */,
				BCD1F88A2785C0CA005104FE /* SceneDelegate.swift in Sources */,
			);
			runOnlyForDeploymentPostprocessing = 0;
		};
		BCD1F8962785C0CE005104FE /* Sources */ = {
			isa = PBXSourcesBuildPhase;
			buildActionMask = 2147483647;
			files = (
				BCD1F89F2785C0CE005104FE /* EarlGrey2ExperimentTests.swift in Sources */,
			);
			runOnlyForDeploymentPostprocessing = 0;
		};
		BCD1F8A02785C0CE005104FE /* Sources */ = {
			isa = PBXSourcesBuildPhase;
			buildActionMask = 2147483647;
			files = (
				BCD1F8A92785C0CE005104FE /* EarlGrey2ExperimentUITests.swift in Sources */,
			);
			runOnlyForDeploymentPostprocessing = 0;
		};
/* End PBXSourcesBuildPhase section */

/* Begin PBXTargetDependency section */
		BCD1F89C2785C0CE005104FE /* PBXTargetDependency */ = {
			isa = PBXTargetDependency;
			target = BCD1F8832785C0CA005104FE /* EarlGrey2Experiment */;
			targetProxy = BCD1F89B2785C0CE005104FE /* PBXContainerItemProxy */;
		};
		BCD1F8A62785C0CE005104FE /* PBXTargetDependency */ = {
			isa = PBXTargetDependency;
			target = BCD1F8832785C0CA005104FE /* EarlGrey2Experiment */;
			targetProxy = BCD1F8A52785C0CE005104FE /* PBXContainerItemProxy */;
		};
/* End PBXTargetDependency section */

/* Begin PBXVariantGroup section */
		BCD1F88D2785C0CA005104FE /* Main.storyboard */ = {
			isa = PBXVariantGroup;
			children = (
				BCD1F88E2785C0CA005104FE /* Base */,
			);
			name = Main.storyboard;
			sourceTree = "<group>";
		};
		BCD1F8922785C0CE005104FE /* LaunchScreen.storyboard */ = {
			isa = PBXVariantGroup;
			children = (
				BCD1F8932785C0CE005104FE /* Base */,
			);
			name = LaunchScreen.storyboard;
			sourceTree = "<group>";
		};
/* End PBXVariantGroup section */

/* Begin XCBuildConfiguration section */
		BCD1F8AC2785C0CE005104FE /* Debug */ = {
			isa = XCBuildConfiguration;
			buildSettings = {
				ALWAYS_SEARCH_USER_PATHS = NO;
				CLANG_ANALYZER_NONNULL = YES;
				CLANG_ANALYZER_NUMBER_OBJECT_CONVERSION = YES_AGGRESSIVE;
				CLANG_CXX_LANGUAGE_STANDARD = "gnu++17";
				CLANG_CXX_LIBRARY = "libc++";
				CLANG_ENABLE_MODULES = YES;
				CLANG_ENABLE_OBJC_ARC = YES;
				CLANG_ENABLE_OBJC_WEAK = YES;
				CLANG_WARN_BLOCK_CAPTURE_AUTORELEASING = YES;
				CLANG_WARN_BOOL_CONVERSION = YES;
				CLANG_WARN_COMMA = YES;
				CLANG_WARN_CONSTANT_CONVERSION = YES;
				CLANG_WARN_DEPRECATED_OBJC_IMPLEMENTATIONS = YES;
				CLANG_WARN_DIRECT_OBJC_ISA_USAGE = YES_ERROR;
				CLANG_WARN_DOCUMENTATION_COMMENTS = YES;
				CLANG_WARN_EMPTY_BODY = YES;
				CLANG_WARN_ENUM_CONVERSION = YES;
				CLANG_WARN_INFINITE_RECURSION = YES;
				CLANG_WARN_INT_CONVERSION = YES;
				CLANG_WARN_NON_LITERAL_NULL_CONVERSION = YES;
				CLANG_WARN_OBJC_IMPLICIT_RETAIN_SELF = YES;
				CLANG_WARN_OBJC_LITERAL_CONVERSION = YES;
				CLANG_WARN_OBJC_ROOT_CLASS = YES_ERROR;
				CLANG_WARN_QUOTED_INCLUDE_IN_FRAMEWORK_HEADER = YES;
				CLANG_WARN_RANGE_LOOP_ANALYSIS = YES;
				CLANG_WARN_STRICT_PROTOTYPES = YES;
				CLANG_WARN_SUSPICIOUS_MOVE = YES;
				CLANG_WARN_UNGUARDED_AVAILABILITY = YES_AGGRESSIVE;
				CLANG_WARN_UNREACHABLE_CODE = YES;
				CLANG_WARN__DUPLICATE_METHOD_MATCH = YES;
				COPY_PHASE_STRIP = NO;
				DEBUG_INFORMATION_FORMAT = dwarf;
				ENABLE_STRICT_OBJC_MSGSEND = YES;
				ENABLE_TESTABILITY = YES;
				GCC_C_LANGUAGE_STANDARD = gnu11;
				GCC_DYNAMIC_NO_PIC = NO;
				GCC_NO_COMMON_BLOCKS = YES;
				GCC_OPTIMIZATION_LEVEL = 0;
				GCC_PREPROCESSOR_DEFINITIONS = (
					"DEBUG=1",
					"$(inherited)",
				);
				GCC_WARN_64_TO_32_BIT_CONVERSION = YES;
				GCC_WARN_ABOUT_RETURN_TYPE = YES_ERROR;
				GCC_WARN_UNDECLARED_SELECTOR = YES;
				GCC_WARN_UNINITIALIZED_AUTOS = YES_AGGRESSIVE;
				GCC_WARN_UNUSED_FUNCTION = YES;
				GCC_WARN_UNUSED_VARIABLE = YES;
				IPHONEOS_DEPLOYMENT_TARGET = 15.0;
				MTL_ENABLE_DEBUG_INFO = INCLUDE_SOURCE;
				MTL_FAST_MATH = YES;
				ONLY_ACTIVE_ARCH = YES;
				SDKROOT = iphoneos;
				SWIFT_ACTIVE_COMPILATION_CONDITIONS = DEBUG;
				SWIFT_OPTIMIZATION_LEVEL = "-Onone";
			};
			name = Debug;
		};
		BCD1F8AD2785C0CE005104FE /* Release */ = {
			isa = XCBuildConfiguration;
			buildSettings = {
				ALWAYS_SEARCH_USER_PATHS = NO;
				CLANG_ANALYZER_NONNULL = YES;
				CLANG_ANALYZER_NUMBER_OBJECT_CONVERSION = YES_AGGRESSIVE;
				CLANG_CXX_LANGUAGE_STANDARD = "gnu++17";
				CLANG_CXX_LIBRARY = "libc++";
				CLANG_ENABLE_MODULES = YES;
				CLANG_ENABLE_OBJC_ARC = YES;
				CLANG_ENABLE_OBJC_WEAK = YES;
				CLANG_WARN_BLOCK_CAPTURE_AUTORELEASING = YES;
				CLANG_WARN_BOOL_CONVERSION = YES;
				CLANG_WARN_COMMA = YES;
				CLANG_WARN_CONSTANT_CONVERSION = YES;
				CLANG_WARN_DEPRECATED_OBJC_IMPLEMENTATIONS = YES;
				CLANG_WARN_DIRECT_OBJC_ISA_USAGE = YES_ERROR;
				CLANG_WARN_DOCUMENTATION_COMMENTS = YES;
				CLANG_WARN_EMPTY_BODY = YES;
				CLANG_WARN_ENUM_CONVERSION = YES;
				CLANG_WARN_INFINITE_RECURSION = YES;
				CLANG_WARN_INT_CONVERSION = YES;
				CLANG_WARN_NON_LITERAL_NULL_CONVERSION = YES;
				CLANG_WARN_OBJC_IMPLICIT_RETAIN_SELF = YES;
				CLANG_WARN_OBJC_LITERAL_CONVERSION = YES;
				CLANG_WARN_OBJC_ROOT_CLASS = YES_ERROR;
				CLANG_WARN_QUOTED_INCLUDE_IN_FRAMEWORK_HEADER = YES;
				CLANG_WARN_RANGE_LOOP_ANALYSIS = YES;
				CLANG_WARN_STRICT_PROTOTYPES = YES;
				CLANG_WARN_SUSPICIOUS_MOVE = YES;
				CLANG_WARN_UNGUARDED_AVAILABILITY = YES_AGGRESSIVE;
				CLANG_WARN_UNREACHABLE_CODE = YES;
				CLANG_WARN__DUPLICATE_METHOD_MATCH = YES;
				COPY_PHASE_STRIP = NO;
				DEBUG_INFORMATION_FORMAT = "dwarf-with-dsym";
				ENABLE_NS_ASSERTIONS = NO;
				ENABLE_STRICT_OBJC_MSGSEND = YES;
				GCC_C_LANGUAGE_STANDARD = gnu11;
				GCC_NO_COMMON_BLOCKS = YES;
				GCC_WARN_64_TO_32_BIT_CONVERSION = YES;
				GCC_WARN_ABOUT_RETURN_TYPE = YES_ERROR;
				GCC_WARN_UNDECLARED_SELECTOR = YES;
				GCC_WARN_UNINITIALIZED_AUTOS = YES_AGGRESSIVE;
				GCC_WARN_UNUSED_FUNCTION = YES;
				GCC_WARN_UNUSED_VARIABLE = YES;
				IPHONEOS_DEPLOYMENT_TARGET = 15.0;
				MTL_ENABLE_DEBUG_INFO = NO;
				MTL_FAST_MATH = YES;
				SDKROOT = iphoneos;
				SWIFT_COMPILATION_MODE = wholemodule;
				SWIFT_OPTIMIZATION_LEVEL = "-O";
				VALIDATE_PRODUCT = YES;
			};
			name = Release;
		};
		BCD1F8AF2785C0CE005104FE /* Debug */ = {
			isa = XCBuildConfiguration;
			baseConfigurationReference = D679D47E91DD8237AEDC7AB4 /* Pods-EarlGrey2Experiment.debug.xcconfig */;
			buildSettings = {
				ASSETCATALOG_COMPILER_APPICON_NAME = AppIcon;
				ASSETCATALOG_COMPILER_GLOBAL_ACCENT_COLOR_NAME = AccentColor;
				CODE_SIGN_STYLE = Automatic;
				CURRENT_PROJECT_VERSION = 1;
				GENERATE_INFOPLIST_FILE = YES;
				INFOPLIST_FILE = EarlGrey2Experiment/Info.plist;
				INFOPLIST_KEY_UIApplicationSupportsIndirectInputEvents = YES;
				INFOPLIST_KEY_UILaunchStoryboardName = LaunchScreen;
				INFOPLIST_KEY_UIMainStoryboardFile = Main;
				INFOPLIST_KEY_UISupportedInterfaceOrientations_iPad = "UIInterfaceOrientationPortrait UIInterfaceOrientationPortraitUpsideDown UIInterfaceOrientationLandscapeLeft UIInterfaceOrientationLandscapeRight";
				INFOPLIST_KEY_UISupportedInterfaceOrientations_iPhone = "UIInterfaceOrientationPortrait UIInterfaceOrientationLandscapeLeft UIInterfaceOrientationLandscapeRight";
				LD_RUNPATH_SEARCH_PATHS = (
					"$(inherited)",
					"@executable_path/Frameworks",
				);
				MARKETING_VERSION = 1.0;
				PRODUCT_BUNDLE_IDENTIFIER = com.tazkiyatech.EarlGrey2Experiment;
				PRODUCT_NAME = "$(TARGET_NAME)";
				SWIFT_EMIT_LOC_STRINGS = YES;
				SWIFT_VERSION = 5.0;
				TARGETED_DEVICE_FAMILY = "1,2";
			};
			name = Debug;
		};
		BCD1F8B02785C0CE005104FE /* Release */ = {
			isa = XCBuildConfiguration;
			baseConfigurationReference = FA7D3992CFFA1F07C613C793 /* Pods-EarlGrey2Experiment.release.xcconfig */;
			buildSettings = {
				ASSETCATALOG_COMPILER_APPICON_NAME = AppIcon;
				ASSETCATALOG_COMPILER_GLOBAL_ACCENT_COLOR_NAME = AccentColor;
				CODE_SIGN_STYLE = Automatic;
				CURRENT_PROJECT_VERSION = 1;
				GENERATE_INFOPLIST_FILE = YES;
				INFOPLIST_FILE = EarlGrey2Experiment/Info.plist;
				INFOPLIST_KEY_UIApplicationSupportsIndirectInputEvents = YES;
				INFOPLIST_KEY_UILaunchStoryboardName = LaunchScreen;
				INFOPLIST_KEY_UIMainStoryboardFile = Main;
				INFOPLIST_KEY_UISupportedInterfaceOrientations_iPad = "UIInterfaceOrientationPortrait UIInterfaceOrientationPortraitUpsideDown UIInterfaceOrientationLandscapeLeft UIInterfaceOrientationLandscapeRight";
				INFOPLIST_KEY_UISupportedInterfaceOrientations_iPhone = "UIInterfaceOrientationPortrait UIInterfaceOrientationLandscapeLeft UIInterfaceOrientationLandscapeRight";
				LD_RUNPATH_SEARCH_PATHS = (
					"$(inherited)",
					"@executable_path/Frameworks",
				);
				MARKETING_VERSION = 1.0;
				PRODUCT_BUNDLE_IDENTIFIER = com.tazkiyatech.EarlGrey2Experiment;
				PRODUCT_NAME = "$(TARGET_NAME)";
				SWIFT_EMIT_LOC_STRINGS = YES;
				SWIFT_VERSION = 5.0;
				TARGETED_DEVICE_FAMILY = "1,2";
			};
			name = Release;
		};
		BCD1F8B22785C0CE005104FE /* Debug */ = {
			isa = XCBuildConfiguration;
			buildSettings = {
				ALWAYS_EMBED_SWIFT_STANDARD_LIBRARIES = YES;
				BUNDLE_LOADER = "$(TEST_HOST)";
				CODE_SIGN_STYLE = Automatic;
				CURRENT_PROJECT_VERSION = 1;
				GENERATE_INFOPLIST_FILE = YES;
				LD_RUNPATH_SEARCH_PATHS = (
					"$(inherited)",
					"@executable_path/Frameworks",
					"@loader_path/Frameworks",
				);
				MARKETING_VERSION = 1.0;
				PRODUCT_BUNDLE_IDENTIFIER = com.tazkiyatech.EarlGrey2ExperimentTests;
				PRODUCT_NAME = "$(TARGET_NAME)";
				SWIFT_EMIT_LOC_STRINGS = NO;
				SWIFT_VERSION = 5.0;
				TARGETED_DEVICE_FAMILY = "1,2";
				TEST_HOST = "$(BUILT_PRODUCTS_DIR)/EarlGrey2Experiment.app/EarlGrey2Experiment";
			};
			name = Debug;
		};
		BCD1F8B32785C0CE005104FE /* Release */ = {
			isa = XCBuildConfiguration;
			buildSettings = {
				ALWAYS_EMBED_SWIFT_STANDARD_LIBRARIES = YES;
				BUNDLE_LOADER = "$(TEST_HOST)";
				CODE_SIGN_STYLE = Automatic;
				CURRENT_PROJECT_VERSION = 1;
				GENERATE_INFOPLIST_FILE = YES;
				LD_RUNPATH_SEARCH_PATHS = (
					"$(inherited)",
					"@executable_path/Frameworks",
					"@loader_path/Frameworks",
				);
				MARKETING_VERSION = 1.0;
				PRODUCT_BUNDLE_IDENTIFIER = com.tazkiyatech.EarlGrey2ExperimentTests;
				PRODUCT_NAME = "$(TARGET_NAME)";
				SWIFT_EMIT_LOC_STRINGS = NO;
				SWIFT_VERSION = 5.0;
				TARGETED_DEVICE_FAMILY = "1,2";
				TEST_HOST = "$(BUILT_PRODUCTS_DIR)/EarlGrey2Experiment.app/EarlGrey2Experiment";
			};
			name = Release;
		};
		BCD1F8B52785C0CE005104FE /* Debug */ = {
			isa = XCBuildConfiguration;
			baseConfigurationReference = C5306B596E5F178A3E67DB2C /* Pods-EarlGrey2ExperimentUITests.debug.xcconfig */;
			buildSettings = {
				ALWAYS_EMBED_SWIFT_STANDARD_LIBRARIES = YES;
				CODE_SIGN_STYLE = Automatic;
				CURRENT_PROJECT_VERSION = 1;
				GENERATE_INFOPLIST_FILE = YES;
				LD_RUNPATH_SEARCH_PATHS = (
					"$(inherited)",
					"@executable_path/Frameworks",
					"@loader_path/Frameworks",
				);
				MARKETING_VERSION = 1.0;
				PRODUCT_BUNDLE_IDENTIFIER = com.tazkiyatech.EarlGrey2ExperimentUITests;
				PRODUCT_NAME = "$(TARGET_NAME)";
				SWIFT_EMIT_LOC_STRINGS = NO;
				SWIFT_VERSION = 5.0;
				TARGETED_DEVICE_FAMILY = "1,2";
				TEST_TARGET_NAME = EarlGrey2Experiment;
			};
			name = Debug;
		};
		BCD1F8B62785C0CE005104FE /* Release */ = {
			isa = XCBuildConfiguration;
			baseConfigurationReference = 715B5E1A7D5D3B8AACBBBEF8 /* Pods-EarlGrey2ExperimentUITests.release.xcconfig */;
			buildSettings = {
				ALWAYS_EMBED_SWIFT_STANDARD_LIBRARIES = YES;
				CODE_SIGN_STYLE = Automatic;
				CURRENT_PROJECT_VERSION = 1;
				GENERATE_INFOPLIST_FILE = YES;
				LD_RUNPATH_SEARCH_PATHS = (
					"$(inherited)",
					"@executable_path/Frameworks",
					"@loader_path/Frameworks",
				);
				MARKETING_VERSION = 1.0;
				PRODUCT_BUNDLE_IDENTIFIER = com.tazkiyatech.EarlGrey2ExperimentUITests;
				PRODUCT_NAME = "$(TARGET_NAME)";
				SWIFT_EMIT_LOC_STRINGS = NO;
				SWIFT_VERSION = 5.0;
				TARGETED_DEVICE_FAMILY = "1,2";
				TEST_TARGET_NAME = EarlGrey2Experiment;
			};
			name = Release;
		};
/* End XCBuildConfiguration section */

/* Begin XCConfigurationList section */
		BCD1F87F2785C0CA005104FE /* Build configuration list for PBXProject "EarlGrey2Experiment" */ = {
			isa = XCConfigurationList;
			buildConfigurations = (
				BCD1F8AC2785C0CE005104FE /* Debug */,
				BCD1F8AD2785C0CE005104FE /* Release */,
			);
			defaultConfigurationIsVisible = 0;
			defaultConfigurationName = Release;
		};
		BCD1F8AE2785C0CE005104FE /* Build configuration list for PBXNativeTarget "EarlGrey2Experiment" */ = {
			isa = XCConfigurationList;
			buildConfigurations = (
				BCD1F8AF2785C0CE005104FE /* Debug */,
				BCD1F8B02785C0CE005104FE /* Release */,
			);
			defaultConfigurationIsVisible = 0;
			defaultConfigurationName = Release;
		};
		BCD1F8B12785C0CE005104FE /* Build configuration list for PBXNativeTarget "EarlGrey2ExperimentTests" */ = {
			isa = XCConfigurationList;
			buildConfigurations = (
				BCD1F8B22785C0CE005104FE /* Debug */,
				BCD1F8B32785C0CE005104FE /* Release */,
			);
			defaultConfigurationIsVisible = 0;
			defaultConfigurationName = Release;
		};
		BCD1F8B42785C0CE005104FE /* Build configuration list for PBXNativeTarget "EarlGrey2ExperimentUITests" */ = {
			isa = XCConfigurationList;
			buildConfigurations = (
				BCD1F8B52785C0CE005104FE /* Debug */,
				BCD1F8B62785C0CE005104FE /* Release */,
			);
			defaultConfigurationIsVisible = 0;
			defaultConfigurationName = Release;
		};
/* End XCConfigurationList section */
	};
	rootObject = BCD1F87C2785C0CA005104FE /* Project object */;
}
